
Microsoft Visual Studio Solution File, Format Version 12.00
# Visual Studio Version 17
VisualStudioVersion = 17.4.33213.308
MinimumVisualStudioVersion = 10.0.40219.1
Project("{FAE04EC0-301F-11D3-BF4B-00C04F79EFBC}") = "Norator", "Norator\Norator.csproj", "{3A6DCF70-9C14-4704-B9A0-22E631450CEE}"
EndProject
Global
	GlobalSection(SolutionConfigurationPlatforms) = preSolution
		Debug|Any CPU = Debug|Any CPU
		Release|Any CPU = Release|Any CPU
	EndGlobalSection
	GlobalSection(ProjectConfigurationPlatforms) = postSolution
		{3A6DCF70-9C14-4704-B9A0-22E631450CEE}.Debug|Any CPU.ActiveCfg = Debug|Any CPU
		{3A6DCF70-9C14-4704-B9A0-22E631450CEE}.Debug|Any CPU.Build.0 = Debug|Any CPU
		{3A6DCF70-9C14-4704-B9A0-22E631450CEE}.Release|Any CPU.ActiveCfg = Release|Any CPU
		{3A6DCF70-9C14-4704-B9A0-22E631450CEE}.Release|Any CPU.Build.0 = Release|Any CPU
	EndGlobalSection
	GlobalSection(SolutionProperties) = preSolution
		HideSolutionNode = FALSE
	EndGlobalSection
	GlobalSection(ExtensibilityGlobals) = postSolution
		SolutionGuid = {5AA33001-B510-4EA8-8955-2F71C5822745}
	EndGlobalSection
EndGlobal
